{
  "name": "tfjs",
  "version": "0.0.1",
  "lockfileVersion": 2,
  "requires": true,
  "packages": {
    "": {
      "name": "tfjs",
      "version": "0.0.1",
      "license": "MIT",
      "dependencies": {
        "esbuild": "^0.12.28",
        "module-alias": "^2.2.2"
      }
    },
    "node_modules/.pnpm/esbuild@0.12.28/node_modules/esbuild": {
      "version": "0.12.28",
      "integrity": "sha512-pZ0FrWZXlvQOATlp14lRSk1N9GkeJ3vLIwOcUoo3ICQn9WNR4rWoNi81pbn6sC1iYUy7QPqNzI3+AEzokwyVcA==",
      "hasInstallScript": true,
      "bin": {
        "esbuild": "bin/esbuild"
      }
    },
    "node_modules/esbuild": {
      "resolved": "node_modules/.pnpm/esbuild@0.12.28/node_modules/esbuild",
      "link": true
    },
    "node_modules/module-alias": {
      "version": "2.2.2",
      "resolved": "https://registry.npmjs.org/module-alias/-/module-alias-2.2.2.tgz",
      "integrity": "sha512-A/78XjoX2EmNvppVWEhM2oGk3x4lLxnkEA4jTbaK97QKSDjkIoOsKQlfylt/d3kKKi596Qy3NP5XrXJ6fZIC9Q=="
    }
  },
  "dependencies": {
    "esbuild": {
      "version": "file:node_modules/.pnpm/esbuild@0.12.28/node_modules/esbuild"
    },
    "module-alias": {
      "version": "2.2.2",
      "resolved": "https://registry.npmjs.org/module-alias/-/module-alias-2.2.2.tgz",
      "integrity": "sha512-A/78XjoX2EmNvppVWEhM2oGk3x4lLxnkEA4jTbaK97QKSDjkIoOsKQlfylt/d3kKKi596Qy3NP5XrXJ6fZIC9Q=="
    }
  }
}
